
Microsoft Visual Studio Solution File, Format Version 12.00
# Visual Studio Version 17
VisualStudioVersion = 17.6.33723.286
MinimumVisualStudioVersion = 10.0.40219.1
Project("{FAE04EC0-301F-11D3-BF4B-00C04F79EFBC}") = "WinFormsApp6-18", "WinFormsApp6-18\WinFormsApp6-18.csproj", "{BA902693-4A15-4D72-84CA-E5FAA4E7970E}"
EndProject
Global
	GlobalSection(SolutionConfigurationPlatforms) = preSolution
		Debug|Any CPU = Debug|Any CPU
		Release|Any CPU = Release|Any CPU
	EndGlobalSection
	GlobalSection(ProjectConfigurationPlatforms) = postSolution
		{BA902693-4A15-4D72-84CA-E5FAA4E7970E}.Debug|Any CPU.ActiveCfg = Debug|Any CPU
		{BA902693-4A15-4D72-84CA-E5FAA4E7970E}.Debug|Any CPU.Build.0 = Debug|Any CPU
		{BA902693-4A15-4D72-84CA-E5FAA4E7970E}.Release|Any CPU.ActiveCfg = Release|Any CPU
		{BA902693-4A15-4D72-84CA-E5FAA4E7970E}.Release|Any CPU.Build.0 = Release|Any CPU
	EndGlobalSection
	GlobalSection(SolutionProperties) = preSolution
		HideSolutionNode = FALSE
	EndGlobalSection
	GlobalSection(ExtensibilityGlobals) = postSolution
		SolutionGuid = {B604168A-F309-4F64-970F-EE917DCF86AB}
	EndGlobalSection
EndGlobal
