
Microsoft Visual Studio Solution File, Format Version 12.00
# Visual Studio Version 17
VisualStudioVersion = 17.7.34031.279
MinimumVisualStudioVersion = 10.0.40219.1
Project("{FAE04EC0-301F-11D3-BF4B-00C04F79EFBC}") = "18-61-Exception Handling", "18-61-Exception Handling\18-61-Exception Handling.csproj", "{72996F88-DCC7-4542-A191-DBF9F0E24299}"
EndProject
Global
	GlobalSection(SolutionConfigurationPlatforms) = preSolution
		Debug|Any CPU = Debug|Any CPU
		Release|Any CPU = Release|Any CPU
	EndGlobalSection
	GlobalSection(ProjectConfigurationPlatforms) = postSolution
		{72996F88-DCC7-4542-A191-DBF9F0E24299}.Debug|Any CPU.ActiveCfg = Debug|Any CPU
		{72996F88-DCC7-4542-A191-DBF9F0E24299}.Debug|Any CPU.Build.0 = Debug|Any CPU
		{72996F88-DCC7-4542-A191-DBF9F0E24299}.Release|Any CPU.ActiveCfg = Release|Any CPU
		{72996F88-DCC7-4542-A191-DBF9F0E24299}.Release|Any CPU.Build.0 = Release|Any CPU
	EndGlobalSection
	GlobalSection(SolutionProperties) = preSolution
		HideSolutionNode = FALSE
	EndGlobalSection
	GlobalSection(ExtensibilityGlobals) = postSolution
		SolutionGuid = {CC23FE61-F537-4429-B3DF-387F23BAAA06}
	EndGlobalSection
EndGlobal
